
Microsoft Visual Studio Solution File, Format Version 12.00
# Visual Studio Version 17
VisualStudioVersion = 17.2.32516.85
MinimumVisualStudioVersion = 10.0.40219.1
Project("{FAE04EC0-301F-11D3-BF4B-00C04F79EFBC}") = "Collections", "Collections.csproj", "{9E54ED5D-8BB0-4823-BFE4-117737365051}"
EndProject
Global
	GlobalSection(SolutionConfigurationPlatforms) = preSolution
		Debug|Any CPU = Debug|Any CPU
		Release|Any CPU = Release|Any CPU
	EndGlobalSection
	GlobalSection(ProjectConfigurationPlatforms) = postSolution
		{9E54ED5D-8BB0-4823-BFE4-117737365051}.Debug|Any CPU.ActiveCfg = Debug|Any CPU
		{9E54ED5D-8BB0-4823-BFE4-117737365051}.Debug|Any CPU.Build.0 = Debug|Any CPU
		{9E54ED5D-8BB0-4823-BFE4-117737365051}.Release|Any CPU.ActiveCfg = Release|Any CPU
		{9E54ED5D-8BB0-4823-BFE4-117737365051}.Release|Any CPU.Build.0 = Release|Any CPU
	EndGlobalSection
	GlobalSection(SolutionProperties) = preSolution
		HideSolutionNode = FALSE
	EndGlobalSection
	GlobalSection(ExtensibilityGlobals) = postSolution
		SolutionGuid = {3A749064-BC3D-4B50-AFC9-0E611F394118}
	EndGlobalSection
EndGlobal
