
Microsoft Visual Studio Solution File, Format Version 12.00
# Visual Studio Version 17
VisualStudioVersion = 17.2.32516.85
MinimumVisualStudioVersion = 10.0.40219.1
Project("{FAE04EC0-301F-11D3-BF4B-00C04F79EFBC}") = "OOPSconcepts", "OOPSconcepts.csproj", "{78D439BA-38EE-40F7-89DA-20B33CB08A75}"
EndProject
Project("{2150E333-8FDC-42A3-9474-1A3956D46DE8}") = "Solution Items", "Solution Items", "{A9FDF980-BA14-4BF3-A790-542F4703A9D8}"
EndProject
Global
	GlobalSection(SolutionConfigurationPlatforms) = preSolution
		Debug|Any CPU = Debug|Any CPU
		Release|Any CPU = Release|Any CPU
	EndGlobalSection
	GlobalSection(ProjectConfigurationPlatforms) = postSolution
		{78D439BA-38EE-40F7-89DA-20B33CB08A75}.Debug|Any CPU.ActiveCfg = Debug|Any CPU
		{78D439BA-38EE-40F7-89DA-20B33CB08A75}.Debug|Any CPU.Build.0 = Debug|Any CPU
		{78D439BA-38EE-40F7-89DA-20B33CB08A75}.Release|Any CPU.ActiveCfg = Release|Any CPU
		{78D439BA-38EE-40F7-89DA-20B33CB08A75}.Release|Any CPU.Build.0 = Release|Any CPU
	EndGlobalSection
	GlobalSection(SolutionProperties) = preSolution
		HideSolutionNode = FALSE
	EndGlobalSection
	GlobalSection(ExtensibilityGlobals) = postSolution
		SolutionGuid = {24699C48-05E3-4A63-BA93-333D5F66AC06}
	EndGlobalSection
EndGlobal
