
Microsoft Visual Studio Solution File, Format Version 12.00
# Visual Studio Version 17
VisualStudioVersion = 17.2.32516.85
MinimumVisualStudioVersion = 10.0.40219.1
Project("{FAE04EC0-301F-11D3-BF4B-00C04F79EFBC}") = "Queues", "Queues.csproj", "{7920560C-DFC4-4391-837F-3974547BE9FF}"
EndProject
Global
	GlobalSection(SolutionConfigurationPlatforms) = preSolution
		Debug|Any CPU = Debug|Any CPU
		Release|Any CPU = Release|Any CPU
	EndGlobalSection
	GlobalSection(ProjectConfigurationPlatforms) = postSolution
		{7920560C-DFC4-4391-837F-3974547BE9FF}.Debug|Any CPU.ActiveCfg = Debug|Any CPU
		{7920560C-DFC4-4391-837F-3974547BE9FF}.Debug|Any CPU.Build.0 = Debug|Any CPU
		{7920560C-DFC4-4391-837F-3974547BE9FF}.Release|Any CPU.ActiveCfg = Release|Any CPU
		{7920560C-DFC4-4391-837F-3974547BE9FF}.Release|Any CPU.Build.0 = Release|Any CPU
	EndGlobalSection
	GlobalSection(SolutionProperties) = preSolution
		HideSolutionNode = FALSE
	EndGlobalSection
	GlobalSection(ExtensibilityGlobals) = postSolution
		SolutionGuid = {CFB2550A-C36F-45E4-846A-04217CCF0AC2}
	EndGlobalSection
EndGlobal
