
Microsoft Visual Studio Solution File, Format Version 12.00
# Visual Studio Version 17
VisualStudioVersion = 17.2.32516.85
MinimumVisualStudioVersion = 10.0.40219.1
Project("{FAE04EC0-301F-11D3-BF4B-00C04F79EFBC}") = "Delegates", "Delegates.csproj", "{48E46C2E-D19A-483A-8FA1-27AAEA5489D9}"
EndProject
Global
	GlobalSection(SolutionConfigurationPlatforms) = preSolution
		Debug|Any CPU = Debug|Any CPU
		Release|Any CPU = Release|Any CPU
	EndGlobalSection
	GlobalSection(ProjectConfigurationPlatforms) = postSolution
		{48E46C2E-D19A-483A-8FA1-27AAEA5489D9}.Debug|Any CPU.ActiveCfg = Debug|Any CPU
		{48E46C2E-D19A-483A-8FA1-27AAEA5489D9}.Debug|Any CPU.Build.0 = Debug|Any CPU
		{48E46C2E-D19A-483A-8FA1-27AAEA5489D9}.Release|Any CPU.ActiveCfg = Release|Any CPU
		{48E46C2E-D19A-483A-8FA1-27AAEA5489D9}.Release|Any CPU.Build.0 = Release|Any CPU
	EndGlobalSection
	GlobalSection(SolutionProperties) = preSolution
		HideSolutionNode = FALSE
	EndGlobalSection
	GlobalSection(ExtensibilityGlobals) = postSolution
		SolutionGuid = {F97656F3-3D7B-44AA-96B7-90F5D8BFCEBC}
	EndGlobalSection
EndGlobal
