
Microsoft Visual Studio Solution File, Format Version 12.00
# Visual Studio Version 17
VisualStudioVersion = 17.2.32516.85
MinimumVisualStudioVersion = 10.0.40219.1
Project("{FAE04EC0-301F-11D3-BF4B-00C04F79EFBC}") = "Generics", "Generics.csproj", "{61088D6F-584C-48AF-9193-C92310EA6FFE}"
EndProject
Global
	GlobalSection(SolutionConfigurationPlatforms) = preSolution
		Debug|Any CPU = Debug|Any CPU
		Release|Any CPU = Release|Any CPU
	EndGlobalSection
	GlobalSection(ProjectConfigurationPlatforms) = postSolution
		{61088D6F-584C-48AF-9193-C92310EA6FFE}.Debug|Any CPU.ActiveCfg = Debug|Any CPU
		{61088D6F-584C-48AF-9193-C92310EA6FFE}.Debug|Any CPU.Build.0 = Debug|Any CPU
		{61088D6F-584C-48AF-9193-C92310EA6FFE}.Release|Any CPU.ActiveCfg = Release|Any CPU
		{61088D6F-584C-48AF-9193-C92310EA6FFE}.Release|Any CPU.Build.0 = Release|Any CPU
	EndGlobalSection
	GlobalSection(SolutionProperties) = preSolution
		HideSolutionNode = FALSE
	EndGlobalSection
	GlobalSection(ExtensibilityGlobals) = postSolution
		SolutionGuid = {48AC8AB6-9D0A-4285-B2DD-C51BE12C5F71}
	EndGlobalSection
EndGlobal
